{
  "name": "@adenin/cf-provider",
  "version": "1.0.5",
  "lockfileVersion": 1,
  "requires": true,
  "dependencies": {
    "@adenin/cf-logger": {
      "version": "1.1.1",
      "resolved": "https://registry.npmjs.org/@adenin/cf-logger/-/cf-logger-1.1.1.tgz",
      "integrity": "sha512-WPRu9/Vq3LCJW02iY0dxAltH7kYE54jxA6m20SAN3Tt1O+1XVZ1cCv43i+nU+9B8jX80H0humhctohjX4ao7vA=="
    }
  }
}
