{
  "name": "@adenin/cf-provider",
  "version": "1.0.5",
  "lockfileVersion": 1,
  "requires": true,
  "dependencies": {
    "@adenin/cf-logger": {
      "version": "1.1.2",
      "resolved": "https://registry.npmjs.org/@adenin/cf-logger/-/cf-logger-1.1.2.tgz",
      "integrity": "sha512-/gOpSmpk0k0jEWycmd0nBKL/w5+x6/Bt2yef5MUGfIxVD6dQL2D0b/DJI5uKoMEMZmM+7q9UUQr4aR4oW7LoUQ=="
    }
  }
}
